
Microsoft Visual Studio Solution File, Format Version 12.00
# Visual Studio Version 17
VisualStudioVersion = 17.2.32505.173
MinimumVisualStudioVersion = 10.0.40219.1
Project("{FAE04EC0-301F-11D3-BF4B-00C04F79EFBC}") = "MVCDemo", "MVCDemo\MVCDemo.csproj", "{423D1835-3AB4-42B6-B883-D3E75B56DD19}"
EndProject
Global
	GlobalSection(SolutionConfigurationPlatforms) = preSolution
		Debug|Any CPU = Debug|Any CPU
		Release|Any CPU = Release|Any CPU
	EndGlobalSection
	GlobalSection(ProjectConfigurationPlatforms) = postSolution
		{423D1835-3AB4-42B6-B883-D3E75B56DD19}.Debug|Any CPU.ActiveCfg = Debug|Any CPU
		{423D1835-3AB4-42B6-B883-D3E75B56DD19}.Debug|Any CPU.Build.0 = Debug|Any CPU
		{423D1835-3AB4-42B6-B883-D3E75B56DD19}.Release|Any CPU.ActiveCfg = Release|Any CPU
		{423D1835-3AB4-42B6-B883-D3E75B56DD19}.Release|Any CPU.Build.0 = Release|Any CPU
	EndGlobalSection
	GlobalSection(SolutionProperties) = preSolution
		HideSolutionNode = FALSE
	EndGlobalSection
	GlobalSection(ExtensibilityGlobals) = postSolution
		SolutionGuid = {ADF17440-4F6E-4DF9-8551-A01FD7877CAE}
	EndGlobalSection
EndGlobal
